// !$*UTF8*$!
{
	archiveVersion = 1;
	classes = {
	};
	objectVersion = 55;
	objects = {

/* Begin PBXBuildFile section */
		ACE86D94280A714300B80F0E /* AppDelegate.swift in Sources */ = {isa = PBXBuildFile; fileRef = ACE86D93280A714300B80F0E /* AppDelegate.swift */; };
		ACE86D96280A714300B80F0E /* SceneDelegate.swift in Sources */ = {isa = PBXBuildFile; fileRef = ACE86D95280A714300B80F0E /* SceneDelegate.swift */; };
		ACE86D98280A714300B80F0E /* ViewController.swift in Sources */ = {isa = PBXBuildFile; fileRef = ACE86D97280A714300B80F0E /* ViewController.swift */; };
		ACE86D9B280A714300B80F0E /* Main.storyboard in Resources */ = {isa = PBXBuildFile; fileRef = ACE86D99280A714300B80F0E /* Main.storyboard */; };
		ACE86D9D280A714500B80F0E /* Assets.xcassets in Resources */ = {isa = PBXBuildFile; fileRef = ACE86D9C280A714500B80F0E /* Assets.xcassets */; };
		ACE86DA0280A714500B80F0E /* LaunchScreen.storyboard in Resources */ = {isa = PBXBuildFile; fileRef = ACE86D9E280A714500B80F0E /* LaunchScreen.storyboard */; };
		ACE86DAB280A714500B80F0E /* goREtreysingTests.swift in Sources */ = {isa = PBXBuildFile; fileRef = ACE86DAA280A714500B80F0E /* goREtreysingTests.swift */; };
		ACE86DB5280A714500B80F0E /* goREtreysingUITests.swift in Sources */ = {isa = PBXBuildFile; fileRef = ACE86DB4280A714500B80F0E /* goREtreysingUITests.swift */; };
		ACE86DB7280A714500B80F0E /* goREtreysingUITestsLaunchTests.swift in Sources */ = {isa = PBXBuildFile; fileRef = ACE86DB6280A714500B80F0E /* goREtreysingUITestsLaunchTests.swift */; };
/* End PBXBuildFile section */

/* Begin PBXContainerItemProxy section */
		ACE86DA7280A714500B80F0E /* PBXContainerItemProxy */ = {
			isa = PBXContainerItemProxy;
			containerPortal = ACE86D88280A714300B80F0E /* Project object */;
			proxyType = 1;
			remoteGlobalIDString = ACE86D8F280A714300B80F0E;
			remoteInfo = goREtreysing;
		};
		ACE86DB1280A714500B80F0E /* PBXContainerItemProxy */ = {
			isa = PBXContainerItemProxy;
			containerPortal = ACE86D88280A714300B80F0E /* Project object */;
			proxyType = 1;
			remoteGlobalIDString = ACE86D8F280A714300B80F0E;
			remoteInfo = goREtreysing;
		};
/* End PBXContainerItemProxy section */

/* Begin PBXFileReference section */
		ACE86D90280A714300B80F0E /* Go rasing OOO.app */ = {isa = PBXFileReference; explicitFileType = wrapper.application; includeInIndex = 0; path = "Go rasing OOO.app"; sourceTree = BUILT_PRODUCTS_DIR; };
		ACE86D93280A714300B80F0E /* AppDelegate.swift */ = {isa = PBXFileReference; lastKnownFileType = sourcecode.swift; path = AppDelegate.swift; sourceTree = "<group>"; };
		ACE86D95280A714300B80F0E /* SceneDelegate.swift */ = {isa = PBXFileReference; lastKnownFileType = sourcecode.swift; path = SceneDelegate.swift; sourceTree = "<group>"; };
		ACE86D97280A714300B80F0E /* ViewController.swift */ = {isa = PBXFileReference; lastKnownFileType = sourcecode.swift; path = ViewController.swift; sourceTree = "<group>"; };
		ACE86D9A280A714300B80F0E /* Base */ = {isa = PBXFileReference; lastKnownFileType = file.storyboard; name = Base; path = Base.lproj/Main.storyboard; sourceTree = "<group>"; };
		ACE86D9C280A714500B80F0E /* Assets.xcassets */ = {isa = PBXFileReference; lastKnownFileType = folder.assetcatalog; path = Assets.xcassets; sourceTree = "<group>"; };
		ACE86D9F280A714500B80F0E /* Base */ = {isa = PBXFileReference; lastKnownFileType = file.storyboard; name = Base; path = Base.lproj/LaunchScreen.storyboard; sourceTree = "<group>"; };
		ACE86DA1280A714500B80F0E /* Info.plist */ = {isa = PBXFileReference; lastKnownFileType = text.plist.xml; path = Info.plist; sourceTree = "<group>"; };
		ACE86DA6280A714500B80F0E /* Go rasing OOOTests.xctest */ = {isa = PBXFileReference; explicitFileType = wrapper.cfbundle; includeInIndex = 0; path = "Go rasing OOOTests.xctest"; sourceTree = BUILT_PRODUCTS_DIR; };
		ACE86DAA280A714500B80F0E /* goREtreysingTests.swift */ = {isa = PBXFileReference; lastKnownFileType = sourcecode.swift; path = goREtreysingTests.swift; sourceTree = "<group>"; };
		ACE86DB0280A714500B80F0E /* Go rasing OOOUITests.xctest */ = {isa = PBXFileReference; explicitFileType = wrapper.cfbundle; includeInIndex = 0; path = "Go rasing OOOUITests.xctest"; sourceTree = BUILT_PRODUCTS_DIR; };
		ACE86DB4280A714500B80F0E /* goREtreysingUITests.swift */ = {isa = PBXFileReference; lastKnownFileType = sourcecode.swift; path = goREtreysingUITests.swift; sourceTree = "<group>"; };
		ACE86DB6280A714500B80F0E /* goREtreysingUITestsLaunchTests.swift */ = {isa = PBXFileReference; lastKnownFileType = sourcecode.swift; path = goREtreysingUITestsLaunchTests.swift; sourceTree = "<group>"; };
/* End PBXFileReference section */

/* Begin PBXFrameworksBuildPhase section */
		ACE86D8D280A714300B80F0E /* Frameworks */ = {
			isa = PBXFrameworksBuildPhase;
			buildActionMask = 2147483647;
			files = (
			);
			runOnlyForDeploymentPostprocessing = 0;
		};
		ACE86DA3280A714500B80F0E /* Frameworks */ = {
			isa = PBXFrameworksBuildPhase;
			buildActionMask = 2147483647;
			files = (
			);
			runOnlyForDeploymentPostprocessing = 0;
		};
		ACE86DAD280A714500B80F0E /* Frameworks */ = {
			isa = PBXFrameworksBuildPhase;
			buildActionMask = 2147483647;
			files = (
			);
			runOnlyForDeploymentPostprocessing = 0;
		};
/* End PBXFrameworksBuildPhase section */

/* Begin PBXGroup section */
		ACE86D87280A714300B80F0E = {
			isa = PBXGroup;
			children = (
				ACE86D92280A714300B80F0E /* goREtreysing */,
				ACE86DA9280A714500B80F0E /* goREtreysingTests */,
				ACE86DB3280A714500B80F0E /* goREtreysingUITests */,
				ACE86D91280A714300B80F0E /* Products */,
			);
			sourceTree = "<group>";
		};
		ACE86D91280A714300B80F0E /* Products */ = {
			isa = PBXGroup;
			children = (
				ACE86D90280A714300B80F0E /* Go rasing OOO.app */,
				ACE86DA6280A714500B80F0E /* Go rasing OOOTests.xctest */,
				ACE86DB0280A714500B80F0E /* Go rasing OOOUITests.xctest */,
			);
			name = Products;
			sourceTree = "<group>";
		};
		ACE86D92280A714300B80F0E /* goREtreysing */ = {
			isa = PBXGroup;
			children = (
				ACE86D93280A714300B80F0E /* AppDelegate.swift */,
				ACE86D95280A714300B80F0E /* SceneDelegate.swift */,
				ACE86D97280A714300B80F0E /* ViewController.swift */,
				ACE86D99280A714300B80F0E /* Main.storyboard */,
				ACE86D9C280A714500B80F0E /* Assets.xcassets */,
				ACE86D9E280A714500B80F0E /* LaunchScreen.storyboard */,
				ACE86DA1280A714500B80F0E /* Info.plist */,
			);
			path = goREtreysing;
			sourceTree = "<group>";
		};
		ACE86DA9280A714500B80F0E /* goREtreysingTests */ = {
			isa = PBXGroup;
			children = (
				ACE86DAA280A714500B80F0E /* goREtreysingTests.swift */,
			);
			path = goREtreysingTests;
			sourceTree = "<group>";
		};
		ACE86DB3280A714500B80F0E /* goREtreysingUITests */ = {
			isa = PBXGroup;
			children = (
				ACE86DB4280A714500B80F0E /* goREtreysingUITests.swift */,
				ACE86DB6280A714500B80F0E /* goREtreysingUITestsLaunchTests.swift */,
			);
			path = goREtreysingUITests;
			sourceTree = "<group>";
		};
/* End PBXGroup section */

/* Begin PBXNativeTarget section */
		ACE86D8F280A714300B80F0E /* Go rasing OOO */ = {
			isa = PBXNativeTarget;
			buildConfigurationList = ACE86DBA280A714500B80F0E /* Build configuration list for PBXNativeTarget "Go rasing OOO" */;
			buildPhases = (
				ACE86D8C280A714300B80F0E /* Sources */,
				ACE86D8D280A714300B80F0E /* Frameworks */,
				ACE86D8E280A714300B80F0E /* Resources */,
			);
			buildRules = (
			);
			dependencies = (
			);
			name = "Go rasing OOO";
			productName = goREtreysing;
			productReference = ACE86D90280A714300B80F0E /* Go rasing OOO.app */;
			productType = "com.apple.product-type.application";
		};
		ACE86DA5280A714500B80F0E /* Go rasing OOOTests */ = {
			isa = PBXNativeTarget;
			buildConfigurationList = ACE86DBD280A714500B80F0E /* Build configuration list for PBXNativeTarget "Go rasing OOOTests" */;
			buildPhases = (
				ACE86DA2280A714500B80F0E /* Sources */,
				ACE86DA3280A714500B80F0E /* Frameworks */,
				ACE86DA4280A714500B80F0E /* Resources */,
			);
			buildRules = (
			);
			dependencies = (
				ACE86DA8280A714500B80F0E /* PBXTargetDependency */,
			);
			name = "Go rasing OOOTests";
			productName = goREtreysingTests;
			productReference = ACE86DA6280A714500B80F0E /* Go rasing OOOTests.xctest */;
			productType = "com.apple.product-type.bundle.unit-test";
		};
		ACE86DAF280A714500B80F0E /* Go rasing OOOUITests */ = {
			isa = PBXNativeTarget;
			buildConfigurationList = ACE86DC0280A714500B80F0E /* Build configuration list for PBXNativeTarget "Go rasing OOOUITests" */;
			buildPhases = (
				ACE86DAC280A714500B80F0E /* Sources */,
				ACE86DAD280A714500B80F0E /* Frameworks */,
				ACE86DAE280A714500B80F0E /* Resources */,
			);
			buildRules = (
			);
			dependencies = (
				ACE86DB2280A714500B80F0E /* PBXTargetDependency */,
			);
			name = "Go rasing OOOUITests";
			productName = goREtreysingUITests;
			productReference = ACE86DB0280A714500B80F0E /* Go rasing OOOUITests.xctest */;
			productType = "com.apple.product-type.bundle.ui-testing";
		};
/* End PBXNativeTarget section */

/* Begin PBXProject section */
		ACE86D88280A714300B80F0E /* Project object */ = {
			isa = PBXProject;
			attributes = {
				BuildIndependentTargetsInParallel = 1;
				LastSwiftUpdateCheck = 1320;
				LastUpgradeCheck = 1320;
				TargetAttributes = {
					ACE86D8F280A714300B80F0E = {
						CreatedOnToolsVersion = 13.2.1;
					};
					ACE86DA5280A714500B80F0E = {
						CreatedOnToolsVersion = 13.2.1;
						TestTargetID = ACE86D8F280A714300B80F0E;
					};
					ACE86DAF280A714500B80F0E = {
						CreatedOnToolsVersion = 13.2.1;
						TestTargetID = ACE86D8F280A714300B80F0E;
					};
				};
			};
			buildConfigurationList = ACE86D8B280A714300B80F0E /* Build configuration list for PBXProject "Go rasing OOO" */;
			compatibilityVersion = "Xcode 13.0";
			developmentRegion = en;
			hasScannedForEncodings = 0;
			knownRegions = (
				en,
				Base,
			);
			mainGroup = ACE86D87280A714300B80F0E;
			productRefGroup = ACE86D91280A714300B80F0E /* Products */;
			projectDirPath = "";
			projectRoot = "";
			targets = (
				ACE86D8F280A714300B80F0E /* Go rasing OOO */,
				ACE86DA5280A714500B80F0E /* Go rasing OOOTests */,
				ACE86DAF280A714500B80F0E /* Go rasing OOOUITests */,
			);
		};
/* End PBXProject section */

/* Begin PBXResourcesBuildPhase section */
		ACE86D8E280A714300B80F0E /* Resources */ = {
			isa = PBXResourcesBuildPhase;
			buildActionMask = 2147483647;
			files = (
				ACE86DA0280A714500B80F0E /* LaunchScreen.storyboard in Resources */,
				ACE86D9D280A714500B80F0E /* Assets.xcassets in Resources */,
				ACE86D9B280A714300B80F0E /* Main.storyboard in Resources */,
			);
			runOnlyForDeploymentPostprocessing = 0;
		};
		ACE86DA4280A714500B80F0E /* Resources */ = {
			isa = PBXResourcesBuildPhase;
			buildActionMask = 2147483647;
			files = (
			);
			runOnlyForDeploymentPostprocessing = 0;
		};
		ACE86DAE280A714500B80F0E /* Resources */ = {
			isa = PBXResourcesBuildPhase;
			buildActionMask = 2147483647;
			files = (
			);
			runOnlyForDeploymentPostprocessing = 0;
		};
/* End PBXResourcesBuildPhase section */

/* Begin PBXSourcesBuildPhase section */
		ACE86D8C280A714300B80F0E /* Sources */ = {
			isa = PBXSourcesBuildPhase;
			buildActionMask = 2147483647;
			files = (
				ACE86D98280A714300B80F0E /* ViewController.swift in Sources */,
				ACE86D94280A714300B80F0E /* AppDelegate.swift in Sources */,
				ACE86D96280A714300B80F0E /* SceneDelegate.swift in Sources */,
			);
			runOnlyForDeploymentPostprocessing = 0;
		};
		ACE86DA2280A714500B80F0E /* Sources */ = {
			isa = PBXSourcesBuildPhase;
			buildActionMask = 2147483647;
			files = (
				ACE86DAB280A714500B80F0E /* goREtreysingTests.swift in Sources */,
			);
			runOnlyForDeploymentPostprocessing = 0;
		};
		ACE86DAC280A714500B80F0E /* Sources */ = {
			isa = PBXSourcesBuildPhase;
			buildActionMask = 2147483647;
			files = (
				ACE86DB7280A714500B80F0E /* goREtreysingUITestsLaunchTests.swift in Sources */,
				ACE86DB5280A714500B80F0E /* goREtreysingUITests.swift in Sources */,
			);
			runOnlyForDeploymentPostprocessing = 0;
		};
/* End PBXSourcesBuildPhase section */

/* Begin PBXTargetDependency section */
		ACE86DA8280A714500B80F0E /* PBXTargetDependency */ = {
			isa = PBXTargetDependency;
			target = ACE86D8F280A714300B80F0E /* Go rasing OOO */;
			targetProxy = ACE86DA7280A714500B80F0E /* PBXContainerItemProxy */;
		};
		ACE86DB2280A714500B80F0E /* PBXTargetDependency */ = {
			isa = PBXTargetDependency;
			target = ACE86D8F280A714300B80F0E /* Go rasing OOO */;
			targetProxy = ACE86DB1280A714500B80F0E /* PBXContainerItemProxy */;
		};
/* End PBXTargetDependency section */

/* Begin PBXVariantGroup section */
		ACE86D99280A714300B80F0E /* Main.storyboard */ = {
			isa = PBXVariantGroup;
			children = (
				ACE86D9A280A714300B80F0E /* Base */,
			);
			name = Main.storyboard;
			sourceTree = "<group>";
		};
		ACE86D9E280A714500B80F0E /* LaunchScreen.storyboard */ = {
			isa = PBXVariantGroup;
			children = (
				ACE86D9F280A714500B80F0E /* Base */,
			);
			name = LaunchScreen.storyboard;
			sourceTree = "<group>";
		};
/* End PBXVariantGroup section */

/* Begin XCBuildConfiguration section */
		ACE86DB8280A714500B80F0E /* Debug */ = {
			isa = XCBuildConfiguration;
			buildSettings = {
				ALWAYS_SEARCH_USER_PATHS = NO;
				CLANG_ANALYZER_NONNULL = YES;
				CLANG_ANALYZER_NUMBER_OBJECT_CONVERSION = YES_AGGRESSIVE;
				CLANG_CXX_LANGUAGE_STANDARD = "gnu++17";
				CLANG_CXX_LIBRARY = "libc++";
				CLANG_ENABLE_MODULES = YES;
				CLANG_ENABLE_OBJC_ARC = YES;
				CLANG_ENABLE_OBJC_WEAK = YES;
				CLANG_WARN_BLOCK_CAPTURE_AUTORELEASING = YES;
				CLANG_WARN_BOOL_CONVERSION = YES;
				CLANG_WARN_COMMA = YES;
				CLANG_WARN_CONSTANT_CONVERSION = YES;
				CLANG_WARN_DEPRECATED_OBJC_IMPLEMENTATIONS = YES;
				CLANG_WARN_DIRECT_OBJC_ISA_USAGE = YES_ERROR;
				CLANG_WARN_DOCUMENTATION_COMMENTS = YES;
				CLANG_WARN_EMPTY_BODY = YES;
				CLANG_WARN_ENUM_CONVERSION = YES;
				CLANG_WARN_INFINITE_RECURSION = YES;
				CLANG_WARN_INT_CONVERSION = YES;
				CLANG_WARN_NON_LITERAL_NULL_CONVERSION = YES;
				CLANG_WARN_OBJC_IMPLICIT_RETAIN_SELF = YES;
				CLANG_WARN_OBJC_LITERAL_CONVERSION = YES;
				CLANG_WARN_OBJC_ROOT_CLASS = YES_ERROR;
				CLANG_WARN_QUOTED_INCLUDE_IN_FRAMEWORK_HEADER = YES;
				CLANG_WARN_RANGE_LOOP_ANALYSIS = YES;
				CLANG_WARN_STRICT_PROTOTYPES = YES;
				CLANG_WARN_SUSPICIOUS_MOVE = YES;
				CLANG_WARN_UNGUARDED_AVAILABILITY = YES_AGGRESSIVE;
				CLANG_WARN_UNREACHABLE_CODE = YES;
				CLANG_WARN__DUPLICATE_METHOD_MATCH = YES;
				COPY_PHASE_STRIP = NO;
				DEBUG_INFORMATION_FORMAT = dwarf;
				ENABLE_STRICT_OBJC_MSGSEND = YES;
				ENABLE_TESTABILITY = YES;
				GCC_C_LANGUAGE_STANDARD = gnu11;
				GCC_DYNAMIC_NO_PIC = NO;
				GCC_NO_COMMON_BLOCKS = YES;
				GCC_OPTIMIZATION_LEVEL = 0;
				GCC_PREPROCESSOR_DEFINITIONS = (
					"DEBUG=1",
					"$(inherited)",
				);
				GCC_WARN_64_TO_32_BIT_CONVERSION = YES;
				GCC_WARN_ABOUT_RETURN_TYPE = YES_ERROR;
				GCC_WARN_UNDECLARED_SELECTOR = YES;
				GCC_WARN_UNINITIALIZED_AUTOS = YES_AGGRESSIVE;
				GCC_WARN_UNUSED_FUNCTION = YES;
				GCC_WARN_UNUSED_VARIABLE = YES;
				IPHONEOS_DEPLOYMENT_TARGET = 15.2;
				MTL_ENABLE_DEBUG_INFO = INCLUDE_SOURCE;
				MTL_FAST_MATH = YES;
				ONLY_ACTIVE_ARCH = YES;
				SDKROOT = iphoneos;
				SWIFT_ACTIVE_COMPILATION_CONDITIONS = DEBUG;
				SWIFT_OPTIMIZATION_LEVEL = "-Onone";
			};
			name = Debug;
		};
		ACE86DB9280A714500B80F0E /* Release */ = {
			isa = XCBuildConfiguration;
			buildSettings = {
				ALWAYS_SEARCH_USER_PATHS = NO;
				CLANG_ANALYZER_NONNULL = YES;
				CLANG_ANALYZER_NUMBER_OBJECT_CONVERSION = YES_AGGRESSIVE;
				CLANG_CXX_LANGUAGE_STANDARD = "gnu++17";
				CLANG_CXX_LIBRARY = "libc++";
				CLANG_ENABLE_MODULES = YES;
				CLANG_ENABLE_OBJC_ARC = YES;
				CLANG_ENABLE_OBJC_WEAK = YES;
				CLANG_WARN_BLOCK_CAPTURE_AUTORELEASING = YES;
				CLANG_WARN_BOOL_CONVERSION = YES;
				CLANG_WARN_COMMA = YES;
				CLANG_WARN_CONSTANT_CONVERSION = YES;
				CLANG_WARN_DEPRECATED_OBJC_IMPLEMENTATIONS = YES;
				CLANG_WARN_DIRECT_OBJC_ISA_USAGE = YES_ERROR;
				CLANG_WARN_DOCUMENTATION_COMMENTS = YES;
				CLANG_WARN_EMPTY_BODY = YES;
				CLANG_WARN_ENUM_CONVERSION = YES;
				CLANG_WARN_INFINITE_RECURSION = YES;
				CLANG_WARN_INT_CONVERSION = YES;
				CLANG_WARN_NON_LITERAL_NULL_CONVERSION = YES;
				CLANG_WARN_OBJC_IMPLICIT_RETAIN_SELF = YES;
				CLANG_WARN_OBJC_LITERAL_CONVERSION = YES;
				CLANG_WARN_OBJC_ROOT_CLASS = YES_ERROR;
				CLANG_WARN_QUOTED_INCLUDE_IN_FRAMEWORK_HEADER = YES;
				CLANG_WARN_RANGE_LOOP_ANALYSIS = YES;
				CLANG_WARN_STRICT_PROTOTYPES = YES;
				CLANG_WARN_SUSPICIOUS_MOVE = YES;
				CLANG_WARN_UNGUARDED_AVAILABILITY = YES_AGGRESSIVE;
				CLANG_WARN_UNREACHABLE_CODE = YES;
				CLANG_WARN__DUPLICATE_METHOD_MATCH = YES;
				COPY_PHASE_STRIP = NO;
				DEBUG_INFORMATION_FORMAT = "dwarf-with-dsym";
				ENABLE_NS_ASSERTIONS = NO;
				ENABLE_STRICT_OBJC_MSGSEND = YES;
				GCC_C_LANGUAGE_STANDARD = gnu11;
				GCC_NO_COMMON_BLOCKS = YES;
				GCC_WARN_64_TO_32_BIT_CONVERSION = YES;
				GCC_WARN_ABOUT_RETURN_TYPE = YES_ERROR;
				GCC_WARN_UNDECLARED_SELECTOR = YES;
				GCC_WARN_UNINITIALIZED_AUTOS = YES_AGGRESSIVE;
				GCC_WARN_UNUSED_FUNCTION = YES;
				GCC_WARN_UNUSED_VARIABLE = YES;
				IPHONEOS_DEPLOYMENT_TARGET = 15.2;
				MTL_ENABLE_DEBUG_INFO = NO;
				MTL_FAST_MATH = YES;
				SDKROOT = iphoneos;
				SWIFT_COMPILATION_MODE = wholemodule;
				SWIFT_OPTIMIZATION_LEVEL = "-O";
				VALIDATE_PRODUCT = YES;
			};
			name = Release;
		};
		ACE86DBB280A714500B80F0E /* Debug */ = {
			isa = XCBuildConfiguration;
			buildSettings = {
				ASSETCATALOG_COMPILER_APPICON_NAME = AppIcon;
				ASSETCATALOG_COMPILER_GLOBAL_ACCENT_COLOR_NAME = AccentColor;
				CODE_SIGN_STYLE = Automatic;
				CURRENT_PROJECT_VERSION = 1;
				GENERATE_INFOPLIST_FILE = YES;
				INFOPLIST_FILE = goREtreysing/Info.plist;
				INFOPLIST_KEY_UIApplicationSupportsIndirectInputEvents = YES;
				INFOPLIST_KEY_UILaunchStoryboardName = LaunchScreen;
				INFOPLIST_KEY_UIMainStoryboardFile = Main;
				INFOPLIST_KEY_UISupportedInterfaceOrientations_iPad = "UIInterfaceOrientationPortrait UIInterfaceOrientationPortraitUpsideDown UIInterfaceOrientationLandscapeLeft UIInterfaceOrientationLandscapeRight";
				INFOPLIST_KEY_UISupportedInterfaceOrientations_iPhone = "UIInterfaceOrientationPortrait UIInterfaceOrientationLandscapeLeft UIInterfaceOrientationLandscapeRight";
				LD_RUNPATH_SEARCH_PATHS = (
					"$(inherited)",
					"@executable_path/Frameworks",
				);
				MARKETING_VERSION = 1.0;
				PRODUCT_BUNDLE_IDENTIFIER = "-.goREtreysing";
				PRODUCT_NAME = "$(TARGET_NAME)";
				SWIFT_EMIT_LOC_STRINGS = YES;
				SWIFT_VERSION = 5.0;
				TARGETED_DEVICE_FAMILY = "1,2";
			};
			name = Debug;
		};
		ACE86DBC280A714500B80F0E /* Release */ = {
			isa = XCBuildConfiguration;
			buildSettings = {
				ASSETCATALOG_COMPILER_APPICON_NAME = AppIcon;
				ASSETCATALOG_COMPILER_GLOBAL_ACCENT_COLOR_NAME = AccentColor;
				CODE_SIGN_STYLE = Automatic;
				CURRENT_PROJECT_VERSION = 1;
				GENERATE_INFOPLIST_FILE = YES;
				INFOPLIST_FILE = goREtreysing/Info.plist;
				INFOPLIST_KEY_UIApplicationSupportsIndirectInputEvents = YES;
				INFOPLIST_KEY_UILaunchStoryboardName = LaunchScreen;
				INFOPLIST_KEY_UIMainStoryboardFile = Main;
				INFOPLIST_KEY_UISupportedInterfaceOrientations_iPad = "UIInterfaceOrientationPortrait UIInterfaceOrientationPortraitUpsideDown UIInterfaceOrientationLandscapeLeft UIInterfaceOrientationLandscapeRight";
				INFOPLIST_KEY_UISupportedInterfaceOrientations_iPhone = "UIInterfaceOrientationPortrait UIInterfaceOrientationLandscapeLeft UIInterfaceOrientationLandscapeRight";
				LD_RUNPATH_SEARCH_PATHS = (
					"$(inherited)",
					"@executable_path/Frameworks",
				);
				MARKETING_VERSION = 1.0;
				PRODUCT_BUNDLE_IDENTIFIER = "-.goREtreysing";
				PRODUCT_NAME = "$(TARGET_NAME)";
				SWIFT_EMIT_LOC_STRINGS = YES;
				SWIFT_VERSION = 5.0;
				TARGETED_DEVICE_FAMILY = "1,2";
			};
			name = Release;
		};
		ACE86DBE280A714500B80F0E /* Debug */ = {
			isa = XCBuildConfiguration;
			buildSettings = {
				ALWAYS_EMBED_SWIFT_STANDARD_LIBRARIES = YES;
				BUNDLE_LOADER = "$(TEST_HOST)";
				CODE_SIGN_STYLE = Automatic;
				CURRENT_PROJECT_VERSION = 1;
				GENERATE_INFOPLIST_FILE = YES;
				IPHONEOS_DEPLOYMENT_TARGET = 15.2;
				MARKETING_VERSION = 1.0;
				PRODUCT_BUNDLE_IDENTIFIER = "-.goREtreysingTests";
				PRODUCT_NAME = "$(TARGET_NAME)";
				SWIFT_EMIT_LOC_STRINGS = NO;
				SWIFT_VERSION = 5.0;
				TARGETED_DEVICE_FAMILY = "1,2";
				TEST_HOST = "$(BUILT_PRODUCTS_DIR)/Go rasing OOO.app/Go rasing OOO";
			};
			name = Debug;
		};
		ACE86DBF280A714500B80F0E /* Release */ = {
			isa = XCBuildConfiguration;
			buildSettings = {
				ALWAYS_EMBED_SWIFT_STANDARD_LIBRARIES = YES;
				BUNDLE_LOADER = "$(TEST_HOST)";
				CODE_SIGN_STYLE = Automatic;
				CURRENT_PROJECT_VERSION = 1;
				GENERATE_INFOPLIST_FILE = YES;
				IPHONEOS_DEPLOYMENT_TARGET = 15.2;
				MARKETING_VERSION = 1.0;
				PRODUCT_BUNDLE_IDENTIFIER = "-.goREtreysingTests";
				PRODUCT_NAME = "$(TARGET_NAME)";
				SWIFT_EMIT_LOC_STRINGS = NO;
				SWIFT_VERSION = 5.0;
				TARGETED_DEVICE_FAMILY = "1,2";
				TEST_HOST = "$(BUILT_PRODUCTS_DIR)/Go rasing OOO.app/Go rasing OOO";
			};
			name = Release;
		};
		ACE86DC1280A714500B80F0E /* Debug */ = {
			isa = XCBuildConfiguration;
			buildSettings = {
				ALWAYS_EMBED_SWIFT_STANDARD_LIBRARIES = YES;
				CODE_SIGN_STYLE = Automatic;
				CURRENT_PROJECT_VERSION = 1;
				GENERATE_INFOPLIST_FILE = YES;
				MARKETING_VERSION = 1.0;
				PRODUCT_BUNDLE_IDENTIFIER = "-.goREtreysingUITests";
				PRODUCT_NAME = "$(TARGET_NAME)";
				SWIFT_EMIT_LOC_STRINGS = NO;
				SWIFT_VERSION = 5.0;
				TARGETED_DEVICE_FAMILY = "1,2";
				TEST_TARGET_NAME = goREtreysing;
			};
			name = Debug;
		};
		ACE86DC2280A714500B80F0E /* Release */ = {
			isa = XCBuildConfiguration;
			buildSettings = {
				ALWAYS_EMBED_SWIFT_STANDARD_LIBRARIES = YES;
				CODE_SIGN_STYLE = Automatic;
				CURRENT_PROJECT_VERSION = 1;
				GENERATE_INFOPLIST_FILE = YES;
				MARKETING_VERSION = 1.0;
				PRODUCT_BUNDLE_IDENTIFIER = "-.goREtreysingUITests";
				PRODUCT_NAME = "$(TARGET_NAME)";
				SWIFT_EMIT_LOC_STRINGS = NO;
				SWIFT_VERSION = 5.0;
				TARGETED_DEVICE_FAMILY = "1,2";
				TEST_TARGET_NAME = goREtreysing;
			};
			name = Release;
		};
/* End XCBuildConfiguration section */

/* Begin XCConfigurationList section */
		ACE86D8B280A714300B80F0E /* Build configuration list for PBXProject "Go rasing OOO" */ = {
			isa = XCConfigurationList;
			buildConfigurations = (
				ACE86DB8280A714500B80F0E /* Debug */,
				ACE86DB9280A714500B80F0E /* Release */,
			);
			defaultConfigurationIsVisible = 0;
			defaultConfigurationName = Release;
		};
		ACE86DBA280A714500B80F0E /* Build configuration list for PBXNativeTarget "Go rasing OOO" */ = {
			isa = XCConfigurationList;
			buildConfigurations = (
				ACE86DBB280A714500B80F0E /* Debug */,
				ACE86DBC280A714500B80F0E /* Release */,
			);
			defaultConfigurationIsVisible = 0;
			defaultConfigurationName = Release;
		};
		ACE86DBD280A714500B80F0E /* Build configuration list for PBXNativeTarget "Go rasing OOOTests" */ = {
			isa = XCConfigurationList;
			buildConfigurations = (
				ACE86DBE280A714500B80F0E /* Debug */,
				ACE86DBF280A714500B80F0E /* Release */,
			);
			defaultConfigurationIsVisible = 0;
			defaultConfigurationName = Release;
		};
		ACE86DC0280A714500B80F0E /* Build configuration list for PBXNativeTarget "Go rasing OOOUITests" */ = {
			isa = XCConfigurationList;
			buildConfigurations = (
				ACE86DC1280A714500B80F0E /* Debug */,
				ACE86DC2280A714500B80F0E /* Release */,
			);
			defaultConfigurationIsVisible = 0;
			defaultConfigurationName = Release;
		};
/* End XCConfigurationList section */
	};
	rootObject = ACE86D88280A714300B80F0E /* Project object */;
}
